
Microsoft Visual Studio Solution File, Format Version 12.00
# Visual Studio Version 17
VisualStudioVersion = 17.14.36518.9 d17.14
MinimumVisualStudioVersion = 10.0.40219.1
Project("{FAE04EC0-301F-11D3-BF4B-00C04F79EFBC}") = "ExamenDWES_Hector_Olivera", "ExamenDWES_Hector_Olivera.csproj", "{467B21C9-610E-98C7-3D3E-071A9A742172}"
EndProject
Global
	GlobalSection(SolutionConfigurationPlatforms) = preSolution
		Debug|Any CPU = Debug|Any CPU
		Release|Any CPU = Release|Any CPU
	EndGlobalSection
	GlobalSection(ProjectConfigurationPlatforms) = postSolution
		{467B21C9-610E-98C7-3D3E-071A9A742172}.Debug|Any CPU.ActiveCfg = Debug|Any CPU
		{467B21C9-610E-98C7-3D3E-071A9A742172}.Debug|Any CPU.Build.0 = Debug|Any CPU
		{467B21C9-610E-98C7-3D3E-071A9A742172}.Release|Any CPU.ActiveCfg = Release|Any CPU
		{467B21C9-610E-98C7-3D3E-071A9A742172}.Release|Any CPU.Build.0 = Release|Any CPU
	EndGlobalSection
	GlobalSection(SolutionProperties) = preSolution
		HideSolutionNode = FALSE
	EndGlobalSection
	GlobalSection(ExtensibilityGlobals) = postSolution
		SolutionGuid = {EBAD1988-D934-4941-9AD0-FB06545B6848}
	EndGlobalSection
EndGlobal
